{
  "originHash" : "cbc56ef452274ac030fe7d7df5626f3b72296139da9cafd9d9304dd75c9dc435",
  "pins" : [
    {
      "identity" : "capacitor-swift-pm",
      "kind" : "remoteSourceControl",
      "location" : "https://github.com/ionic-team/capacitor-swift-pm.git",
      "state" : {
        "revision" : "3e7ccfb8ab4d321ffcbd4e490234758e139f8a09",
        "version" : "8.0.1"
      }
    }
  ],
  "version" : 3
}
